
Microsoft Visual Studio Solution File, Format Version 12.00
# Visual Studio for Mac
Project("{FAE04EC0-301F-11D3-BF4B-00C04F79EFBC}") = "Assembly-CSharp", "Assembly-CSharp.csproj", "{013BA4BE-5BF6-3E5C-B282-157DCC7B9BA3}"
EndProject
Project("{FAE04EC0-301F-11D3-BF4B-00C04F79EFBC}") = "Assembly-CSharp-Editor", "Assembly-CSharp-Editor.csproj", "{2615A2EE-9AF7-429A-81C0-06954420FFA1}"
EndProject
Global
	GlobalSection(SolutionConfigurationPlatforms) = preSolution
		Debug|Any CPU = Debug|Any CPU
		Release|Any CPU = Release|Any CPU
	EndGlobalSection
	GlobalSection(ProjectConfigurationPlatforms) = postSolution
		{013BA4BE-5BF6-3E5C-B282-157DCC7B9BA3}.Debug|Any CPU.ActiveCfg = Debug|Any CPU
		{013BA4BE-5BF6-3E5C-B282-157DCC7B9BA3}.Debug|Any CPU.Build.0 = Debug|Any CPU
		{013BA4BE-5BF6-3E5C-B282-157DCC7B9BA3}.Release|Any CPU.ActiveCfg = Release|Any CPU
		{013BA4BE-5BF6-3E5C-B282-157DCC7B9BA3}.Release|Any CPU.Build.0 = Release|Any CPU
		{2615A2EE-9AF7-429A-81C0-06954420FFA1}.Debug|Any CPU.ActiveCfg = Debug|Any CPU
		{2615A2EE-9AF7-429A-81C0-06954420FFA1}.Debug|Any CPU.Build.0 = Debug|Any CPU
		{2615A2EE-9AF7-429A-81C0-06954420FFA1}.Release|Any CPU.ActiveCfg = Release|Any CPU
		{2615A2EE-9AF7-429A-81C0-06954420FFA1}.Release|Any CPU.Build.0 = Release|Any CPU
	EndGlobalSection
	GlobalSection(SolutionProperties) = preSolution
		HideSolutionNode = FALSE
	EndGlobalSection
EndGlobal
